
Microsoft Visual Studio Solution File, Format Version 12.00
# Visual Studio Version 17
VisualStudioVersion = 17.8.34511.84
MinimumVisualStudioVersion = 10.0.40219.1
Project("{FAE04EC0-301F-11D3-BF4B-00C04F79EFBC}") = "CoolShop.API", "CoolShop.API\CoolShop.API.csproj", "{08F55D7B-3F29-470E-AF57-236626BB7640}"
EndProject
Global
	GlobalSection(SolutionConfigurationPlatforms) = preSolution
		Debug|Any CPU = Debug|Any CPU
		Release|Any CPU = Release|Any CPU
	EndGlobalSection
	GlobalSection(ProjectConfigurationPlatforms) = postSolution
		{08F55D7B-3F29-470E-AF57-236626BB7640}.Debug|Any CPU.ActiveCfg = Debug|Any CPU
		{08F55D7B-3F29-470E-AF57-236626BB7640}.Debug|Any CPU.Build.0 = Debug|Any CPU
		{08F55D7B-3F29-470E-AF57-236626BB7640}.Release|Any CPU.ActiveCfg = Release|Any CPU
		{08F55D7B-3F29-470E-AF57-236626BB7640}.Release|Any CPU.Build.0 = Release|Any CPU
	EndGlobalSection
	GlobalSection(SolutionProperties) = preSolution
		HideSolutionNode = FALSE
	EndGlobalSection
	GlobalSection(ExtensibilityGlobals) = postSolution
		SolutionGuid = {8400FBCB-FAB7-42A3-984C-624E590F909F}
	EndGlobalSection
EndGlobal
